
Microsoft Visual Studio Solution File, Format Version 12.00
# Visual Studio for Mac
Project("{FAE04EC0-301F-11D3-BF4B-00C04F79EFBC}") = "VuforiaScripts", "VuforiaScripts.csproj", "{653C4258-97B7-CADC-ADDB-CC3C4BCC94BF}"
EndProject
Project("{FAE04EC0-301F-11D3-BF4B-00C04F79EFBC}") = "Assembly-CSharp", "Assembly-CSharp.csproj", "{55BF78AD-F56A-7F73-1A2C-1C1ECBFD3167}"
EndProject
Project("{FAE04EC0-301F-11D3-BF4B-00C04F79EFBC}") = "Assembly-CSharp-Editor", "Assembly-CSharp-Editor.csproj", "{8785504D-90E5-8401-2729-4B17C78C4A2B}"
EndProject
Project("{FAE04EC0-301F-11D3-BF4B-00C04F79EFBC}") = "VuforiaEditorScripts", "VuforiaEditorScripts.csproj", "{9C16F6D8-ABE0-177E-C437-AF5F648EDFC3}"
EndProject
Project("{FAE04EC0-301F-11D3-BF4B-00C04F79EFBC}") = "VuforiaVersionCheckerScripts", "VuforiaVersionCheckerScripts.csproj", "{76D34D64-913B-C22B-7BF6-6B892D44E504}"
EndProject
Global
	GlobalSection(SolutionConfigurationPlatforms) = preSolution
		Debug|Any CPU = Debug|Any CPU
		Release|Any CPU = Release|Any CPU
	EndGlobalSection
	GlobalSection(ProjectConfigurationPlatforms) = postSolution
		{653C4258-97B7-CADC-ADDB-CC3C4BCC94BF}.Debug|Any CPU.ActiveCfg = Debug|Any CPU
		{653C4258-97B7-CADC-ADDB-CC3C4BCC94BF}.Debug|Any CPU.Build.0 = Debug|Any CPU
		{653C4258-97B7-CADC-ADDB-CC3C4BCC94BF}.Release|Any CPU.ActiveCfg = Release|Any CPU
		{653C4258-97B7-CADC-ADDB-CC3C4BCC94BF}.Release|Any CPU.Build.0 = Release|Any CPU
		{55BF78AD-F56A-7F73-1A2C-1C1ECBFD3167}.Debug|Any CPU.ActiveCfg = Debug|Any CPU
		{55BF78AD-F56A-7F73-1A2C-1C1ECBFD3167}.Debug|Any CPU.Build.0 = Debug|Any CPU
		{55BF78AD-F56A-7F73-1A2C-1C1ECBFD3167}.Release|Any CPU.ActiveCfg = Release|Any CPU
		{55BF78AD-F56A-7F73-1A2C-1C1ECBFD3167}.Release|Any CPU.Build.0 = Release|Any CPU
		{8785504D-90E5-8401-2729-4B17C78C4A2B}.Debug|Any CPU.ActiveCfg = Debug|Any CPU
		{8785504D-90E5-8401-2729-4B17C78C4A2B}.Debug|Any CPU.Build.0 = Debug|Any CPU
		{8785504D-90E5-8401-2729-4B17C78C4A2B}.Release|Any CPU.ActiveCfg = Release|Any CPU
		{8785504D-90E5-8401-2729-4B17C78C4A2B}.Release|Any CPU.Build.0 = Release|Any CPU
		{9C16F6D8-ABE0-177E-C437-AF5F648EDFC3}.Debug|Any CPU.ActiveCfg = Debug|Any CPU
		{9C16F6D8-ABE0-177E-C437-AF5F648EDFC3}.Debug|Any CPU.Build.0 = Debug|Any CPU
		{9C16F6D8-ABE0-177E-C437-AF5F648EDFC3}.Release|Any CPU.ActiveCfg = Release|Any CPU
		{9C16F6D8-ABE0-177E-C437-AF5F648EDFC3}.Release|Any CPU.Build.0 = Release|Any CPU
		{76D34D64-913B-C22B-7BF6-6B892D44E504}.Debug|Any CPU.ActiveCfg = Debug|Any CPU
		{76D34D64-913B-C22B-7BF6-6B892D44E504}.Debug|Any CPU.Build.0 = Debug|Any CPU
		{76D34D64-913B-C22B-7BF6-6B892D44E504}.Release|Any CPU.ActiveCfg = Release|Any CPU
		{76D34D64-913B-C22B-7BF6-6B892D44E504}.Release|Any CPU.Build.0 = Release|Any CPU
	EndGlobalSection
	GlobalSection(SolutionProperties) = preSolution
		HideSolutionNode = FALSE
	EndGlobalSection
EndGlobal
